
Microsoft Visual Studio Solution File, Format Version 12.00
# Visual Studio 15
VisualStudioVersion = 15.0.28010.2046
MinimumVisualStudioVersion = 10.0.40219.1
Project("{FAE04EC0-301F-11D3-BF4B-00C04F79EFBC}") = "TeamPowered", "TeamPowered\TeamPowered.csproj", "{5607C1F8-BD38-415E-ABD1-3A1C06490C8C}"
EndProject
Global
	GlobalSection(SolutionConfigurationPlatforms) = preSolution
		Debug|Any CPU = Debug|Any CPU
		Release|Any CPU = Release|Any CPU
	EndGlobalSection
	GlobalSection(ProjectConfigurationPlatforms) = postSolution
		{5607C1F8-BD38-415E-ABD1-3A1C06490C8C}.Debug|Any CPU.ActiveCfg = Debug|Any CPU
		{5607C1F8-BD38-415E-ABD1-3A1C06490C8C}.Debug|Any CPU.Build.0 = Debug|Any CPU
		{5607C1F8-BD38-415E-ABD1-3A1C06490C8C}.Release|Any CPU.ActiveCfg = Release|Any CPU
		{5607C1F8-BD38-415E-ABD1-3A1C06490C8C}.Release|Any CPU.Build.0 = Release|Any CPU
	EndGlobalSection
	GlobalSection(SolutionProperties) = preSolution
		HideSolutionNode = FALSE
	EndGlobalSection
	GlobalSection(ExtensibilityGlobals) = postSolution
		SolutionGuid = {F10EF903-2B47-42FF-A6FF-38B6B5F0B858}
	EndGlobalSection
EndGlobal
